// !$*UTF8*$!
{
	archiveVersion = 1;
	classes = {
	};
	objectVersion = 46;
	objects = {

/* Begin PBXBuildFile section */
		93AD591F1C988DF2002DA167 /* AppDelegate.swift in Sources */ = {isa = PBXBuildFile; fileRef = 93AD591E1C988DF2002DA167 /* AppDelegate.swift */; };
		93AD59211C988DF2002DA167 /* FeedWidgetViewController.swift in Sources */ = {isa = PBXBuildFile; fileRef = 93AD59201C988DF2002DA167 /* FeedWidgetViewController.swift */; };
		93AD59231C988DF2002DA167 /* GroupsListViewController.swift in Sources */ = {isa = PBXBuildFile; fileRef = 93AD59221C988DF2002DA167 /* GroupsListViewController.swift */; };
		93AD59261C988DF2002DA167 /* Main.storyboard in Resources */ = {isa = PBXBuildFile; fileRef = 93AD59241C988DF2002DA167 /* Main.storyboard */; };
		93AD59281C988DF2002DA167 /* Assets.xcassets in Resources */ = {isa = PBXBuildFile; fileRef = 93AD59271C988DF2002DA167 /* Assets.xcassets */; };
		93AD592B1C988DF2002DA167 /* LaunchScreen.storyboard in Resources */ = {isa = PBXBuildFile; fileRef = 93AD59291C988DF2002DA167 /* LaunchScreen.storyboard */; };
		93AD59361C988DF2002DA167 /* SAPJamSDKTests.swift in Sources */ = {isa = PBXBuildFile; fileRef = 93AD59351C988DF2002DA167 /* SAPJamSDKTests.swift */; };
		93AD59411C988DF2002DA167 /* SAPJamSDKUITests.swift in Sources */ = {isa = PBXBuildFile; fileRef = 93AD59401C988DF2002DA167 /* SAPJamSDKUITests.swift */; };
		93AD59501C988E87002DA167 /* JamAuthenticatorViewController.swift in Sources */ = {isa = PBXBuildFile; fileRef = 93AD594F1C988E87002DA167 /* JamAuthenticatorViewController.swift */; };
		93AD59521C989035002DA167 /* JamAuthConfig.swift in Sources */ = {isa = PBXBuildFile; fileRef = 93AD59511C989035002DA167 /* JamAuthConfig.swift */; };
/* End PBXBuildFile section */

/* Begin PBXContainerItemProxy section */
		93AD59321C988DF2002DA167 /* PBXContainerItemProxy */ = {
			isa = PBXContainerItemProxy;
			containerPortal = 93AD59131C988DF2002DA167 /* Project object */;
			proxyType = 1;
			remoteGlobalIDString = 93AD591A1C988DF2002DA167;
			remoteInfo = SAPJamSDK;
		};
		93AD593D1C988DF2002DA167 /* PBXContainerItemProxy */ = {
			isa = PBXContainerItemProxy;
			containerPortal = 93AD59131C988DF2002DA167 /* Project object */;
			proxyType = 1;
			remoteGlobalIDString = 93AD591A1C988DF2002DA167;
			remoteInfo = SAPJamSDK;
		};
/* End PBXContainerItemProxy section */

/* Begin PBXFileReference section */
		93AD591B1C988DF2002DA167 /* SAPJamSDK.app */ = {isa = PBXFileReference; explicitFileType = wrapper.application; includeInIndex = 0; path = SAPJamSDK.app; sourceTree = BUILT_PRODUCTS_DIR; };
		93AD591E1C988DF2002DA167 /* AppDelegate.swift */ = {isa = PBXFileReference; lastKnownFileType = sourcecode.swift; path = AppDelegate.swift; sourceTree = "<group>"; };
		93AD59201C988DF2002DA167 /* FeedWidgetViewController.swift */ = {isa = PBXFileReference; lastKnownFileType = sourcecode.swift; path = FeedWidgetViewController.swift; sourceTree = "<group>"; };
		93AD59221C988DF2002DA167 /* GroupsListViewController.swift */ = {isa = PBXFileReference; lastKnownFileType = sourcecode.swift; path = GroupsListViewController.swift; sourceTree = "<group>"; };
		93AD59251C988DF2002DA167 /* Base */ = {isa = PBXFileReference; lastKnownFileType = file.storyboard; name = Base; path = Base.lproj/Main.storyboard; sourceTree = "<group>"; };
		93AD59271C988DF2002DA167 /* Assets.xcassets */ = {isa = PBXFileReference; lastKnownFileType = folder.assetcatalog; path = Assets.xcassets; sourceTree = "<group>"; };
		93AD592A1C988DF2002DA167 /* Base */ = {isa = PBXFileReference; lastKnownFileType = file.storyboard; name = Base; path = Base.lproj/LaunchScreen.storyboard; sourceTree = "<group>"; };
		93AD592C1C988DF2002DA167 /* Info.plist */ = {isa = PBXFileReference; lastKnownFileType = text.plist.xml; path = Info.plist; sourceTree = "<group>"; };
		93AD59311C988DF2002DA167 /* SAPJamSDKTests.xctest */ = {isa = PBXFileReference; explicitFileType = wrapper.cfbundle; includeInIndex = 0; path = SAPJamSDKTests.xctest; sourceTree = BUILT_PRODUCTS_DIR; };
		93AD59351C988DF2002DA167 /* SAPJamSDKTests.swift */ = {isa = PBXFileReference; lastKnownFileType = sourcecode.swift; path = SAPJamSDKTests.swift; sourceTree = "<group>"; };
		93AD59371C988DF2002DA167 /* Info.plist */ = {isa = PBXFileReference; lastKnownFileType = text.plist.xml; path = Info.plist; sourceTree = "<group>"; };
		93AD593C1C988DF2002DA167 /* SAPJamSDKUITests.xctest */ = {isa = PBXFileReference; explicitFileType = wrapper.cfbundle; includeInIndex = 0; path = SAPJamSDKUITests.xctest; sourceTree = BUILT_PRODUCTS_DIR; };
		93AD59401C988DF2002DA167 /* SAPJamSDKUITests.swift */ = {isa = PBXFileReference; lastKnownFileType = sourcecode.swift; path = SAPJamSDKUITests.swift; sourceTree = "<group>"; };
		93AD59421C988DF2002DA167 /* Info.plist */ = {isa = PBXFileReference; lastKnownFileType = text.plist.xml; path = Info.plist; sourceTree = "<group>"; };
		93AD594F1C988E87002DA167 /* JamAuthenticatorViewController.swift */ = {isa = PBXFileReference; fileEncoding = 4; lastKnownFileType = sourcecode.swift; name = JamAuthenticatorViewController.swift; path = JamSession/JamAuthenticatorViewController.swift; sourceTree = "<group>"; };
		93AD59511C989035002DA167 /* JamAuthConfig.swift */ = {isa = PBXFileReference; fileEncoding = 4; lastKnownFileType = sourcecode.swift; name = JamAuthConfig.swift; path = JamSession/JamAuthConfig.swift; sourceTree = "<group>"; };
/* End PBXFileReference section */

/* Begin PBXFrameworksBuildPhase section */
		93AD59181C988DF2002DA167 /* Frameworks */ = {
			isa = PBXFrameworksBuildPhase;
			buildActionMask = 2147483647;
			files = (
			);
			runOnlyForDeploymentPostprocessing = 0;
		};
		93AD592E1C988DF2002DA167 /* Frameworks */ = {
			isa = PBXFrameworksBuildPhase;
			buildActionMask = 2147483647;
			files = (
			);
			runOnlyForDeploymentPostprocessing = 0;
		};
		93AD59391C988DF2002DA167 /* Frameworks */ = {
			isa = PBXFrameworksBuildPhase;
			buildActionMask = 2147483647;
			files = (
			);
			runOnlyForDeploymentPostprocessing = 0;
		};
/* End PBXFrameworksBuildPhase section */

/* Begin PBXGroup section */
		93AD59121C988DF2002DA167 = {
			isa = PBXGroup;
			children = (
				93AD591D1C988DF2002DA167 /* SAPJamSDK */,
				93AD59341C988DF2002DA167 /* SAPJamSDKTests */,
				93AD593F1C988DF2002DA167 /* SAPJamSDKUITests */,
				93AD591C1C988DF2002DA167 /* Products */,
			);
			sourceTree = "<group>";
		};
		93AD591C1C988DF2002DA167 /* Products */ = {
			isa = PBXGroup;
			children = (
				93AD591B1C988DF2002DA167 /* SAPJamSDK.app */,
				93AD59311C988DF2002DA167 /* SAPJamSDKTests.xctest */,
				93AD593C1C988DF2002DA167 /* SAPJamSDKUITests.xctest */,
			);
			name = Products;
			sourceTree = "<group>";
		};
		93AD591D1C988DF2002DA167 /* SAPJamSDK */ = {
			isa = PBXGroup;
			children = (
				93AD594E1C988E3C002DA167 /* JamSession */,
				93AD59531C98CEA1002DA167 /* JamViews */,
				93AD591E1C988DF2002DA167 /* AppDelegate.swift */,
				93AD59241C988DF2002DA167 /* Main.storyboard */,
				93AD59271C988DF2002DA167 /* Assets.xcassets */,
				93AD59291C988DF2002DA167 /* LaunchScreen.storyboard */,
				93AD592C1C988DF2002DA167 /* Info.plist */,
			);
			path = SAPJamSDK;
			sourceTree = "<group>";
		};
		93AD59341C988DF2002DA167 /* SAPJamSDKTests */ = {
			isa = PBXGroup;
			children = (
				93AD59351C988DF2002DA167 /* SAPJamSDKTests.swift */,
				93AD59371C988DF2002DA167 /* Info.plist */,
			);
			path = SAPJamSDKTests;
			sourceTree = "<group>";
		};
		93AD593F1C988DF2002DA167 /* SAPJamSDKUITests */ = {
			isa = PBXGroup;
			children = (
				93AD59401C988DF2002DA167 /* SAPJamSDKUITests.swift */,
				93AD59421C988DF2002DA167 /* Info.plist */,
			);
			path = SAPJamSDKUITests;
			sourceTree = "<group>";
		};
		93AD594E1C988E3C002DA167 /* JamSession */ = {
			isa = PBXGroup;
			children = (
				93AD594F1C988E87002DA167 /* JamAuthenticatorViewController.swift */,
				93AD59511C989035002DA167 /* JamAuthConfig.swift */,
			);
			name = JamSession;
			sourceTree = "<group>";
		};
		93AD59531C98CEA1002DA167 /* JamViews */ = {
			isa = PBXGroup;
			children = (
				93AD59201C988DF2002DA167 /* FeedWidgetViewController.swift */,
				93AD59221C988DF2002DA167 /* GroupsListViewController.swift */,
			);
			name = JamViews;
			sourceTree = "<group>";
		};
/* End PBXGroup section */

/* Begin PBXNativeTarget section */
		93AD591A1C988DF2002DA167 /* SAPJamSDK */ = {
			isa = PBXNativeTarget;
			buildConfigurationList = 93AD59451C988DF2002DA167 /* Build configuration list for PBXNativeTarget "SAPJamSDK" */;
			buildPhases = (
				93AD59171C988DF2002DA167 /* Sources */,
				93AD59181C988DF2002DA167 /* Frameworks */,
				93AD59191C988DF2002DA167 /* Resources */,
			);
			buildRules = (
			);
			dependencies = (
			);
			name = SAPJamSDK;
			productName = SAPJamSDK;
			productReference = 93AD591B1C988DF2002DA167 /* SAPJamSDK.app */;
			productType = "com.apple.product-type.application";
		};
		93AD59301C988DF2002DA167 /* SAPJamSDKTests */ = {
			isa = PBXNativeTarget;
			buildConfigurationList = 93AD59481C988DF2002DA167 /* Build configuration list for PBXNativeTarget "SAPJamSDKTests" */;
			buildPhases = (
				93AD592D1C988DF2002DA167 /* Sources */,
				93AD592E1C988DF2002DA167 /* Frameworks */,
				93AD592F1C988DF2002DA167 /* Resources */,
			);
			buildRules = (
			);
			dependencies = (
				93AD59331C988DF2002DA167 /* PBXTargetDependency */,
			);
			name = SAPJamSDKTests;
			productName = SAPJamSDKTests;
			productReference = 93AD59311C988DF2002DA167 /* SAPJamSDKTests.xctest */;
			productType = "com.apple.product-type.bundle.unit-test";
		};
		93AD593B1C988DF2002DA167 /* SAPJamSDKUITests */ = {
			isa = PBXNativeTarget;
			buildConfigurationList = 93AD594B1C988DF2002DA167 /* Build configuration list for PBXNativeTarget "SAPJamSDKUITests" */;
			buildPhases = (
				93AD59381C988DF2002DA167 /* Sources */,
				93AD59391C988DF2002DA167 /* Frameworks */,
				93AD593A1C988DF2002DA167 /* Resources */,
			);
			buildRules = (
			);
			dependencies = (
				93AD593E1C988DF2002DA167 /* PBXTargetDependency */,
			);
			name = SAPJamSDKUITests;
			productName = SAPJamSDKUITests;
			productReference = 93AD593C1C988DF2002DA167 /* SAPJamSDKUITests.xctest */;
			productType = "com.apple.product-type.bundle.ui-testing";
		};
/* End PBXNativeTarget section */

/* Begin PBXProject section */
		93AD59131C988DF2002DA167 /* Project object */ = {
			isa = PBXProject;
			attributes = {
				LastSwiftUpdateCheck = 0720;
				LastUpgradeCheck = 0720;
				ORGANIZATIONNAME = "SAP SE";
				TargetAttributes = {
					93AD591A1C988DF2002DA167 = {
						CreatedOnToolsVersion = 7.2.1;
					};
					93AD59301C988DF2002DA167 = {
						CreatedOnToolsVersion = 7.2.1;
						TestTargetID = 93AD591A1C988DF2002DA167;
					};
					93AD593B1C988DF2002DA167 = {
						CreatedOnToolsVersion = 7.2.1;
						TestTargetID = 93AD591A1C988DF2002DA167;
					};
				};
			};
			buildConfigurationList = 93AD59161C988DF2002DA167 /* Build configuration list for PBXProject "SAPJamSDK" */;
			compatibilityVersion = "Xcode 3.2";
			developmentRegion = English;
			hasScannedForEncodings = 0;
			knownRegions = (
				en,
				Base,
			);
			mainGroup = 93AD59121C988DF2002DA167;
			productRefGroup = 93AD591C1C988DF2002DA167 /* Products */;
			projectDirPath = "";
			projectRoot = "";
			targets = (
				93AD591A1C988DF2002DA167 /* SAPJamSDK */,
				93AD59301C988DF2002DA167 /* SAPJamSDKTests */,
				93AD593B1C988DF2002DA167 /* SAPJamSDKUITests */,
			);
		};
/* End PBXProject section */

/* Begin PBXResourcesBuildPhase section */
		93AD59191C988DF2002DA167 /* Resources */ = {
			isa = PBXResourcesBuildPhase;
			buildActionMask = 2147483647;
			files = (
				93AD592B1C988DF2002DA167 /* LaunchScreen.storyboard in Resources */,
				93AD59281C988DF2002DA167 /* Assets.xcassets in Resources */,
				93AD59261C988DF2002DA167 /* Main.storyboard in Resources */,
			);
			runOnlyForDeploymentPostprocessing = 0;
		};
		93AD592F1C988DF2002DA167 /* Resources */ = {
			isa = PBXResourcesBuildPhase;
			buildActionMask = 2147483647;
			files = (
			);
			runOnlyForDeploymentPostprocessing = 0;
		};
		93AD593A1C988DF2002DA167 /* Resources */ = {
			isa = PBXResourcesBuildPhase;
			buildActionMask = 2147483647;
			files = (
			);
			runOnlyForDeploymentPostprocessing = 0;
		};
/* End PBXResourcesBuildPhase section */

/* Begin PBXSourcesBuildPhase section */
		93AD59171C988DF2002DA167 /* Sources */ = {
			isa = PBXSourcesBuildPhase;
			buildActionMask = 2147483647;
			files = (
				93AD59231C988DF2002DA167 /* GroupsListViewController.swift in Sources */,
				93AD59501C988E87002DA167 /* JamAuthenticatorViewController.swift in Sources */,
				93AD591F1C988DF2002DA167 /* AppDelegate.swift in Sources */,
				93AD59521C989035002DA167 /* JamAuthConfig.swift in Sources */,
				93AD59211C988DF2002DA167 /* FeedWidgetViewController.swift in Sources */,
			);
			runOnlyForDeploymentPostprocessing = 0;
		};
		93AD592D1C988DF2002DA167 /* Sources */ = {
			isa = PBXSourcesBuildPhase;
			buildActionMask = 2147483647;
			files = (
				93AD59361C988DF2002DA167 /* SAPJamSDKTests.swift in Sources */,
			);
			runOnlyForDeploymentPostprocessing = 0;
		};
		93AD59381C988DF2002DA167 /* Sources */ = {
			isa = PBXSourcesBuildPhase;
			buildActionMask = 2147483647;
			files = (
				93AD59411C988DF2002DA167 /* SAPJamSDKUITests.swift in Sources */,
			);
			runOnlyForDeploymentPostprocessing = 0;
		};
/* End PBXSourcesBuildPhase section */

/* Begin PBXTargetDependency section */
		93AD59331C988DF2002DA167 /* PBXTargetDependency */ = {
			isa = PBXTargetDependency;
			target = 93AD591A1C988DF2002DA167 /* SAPJamSDK */;
			targetProxy = 93AD59321C988DF2002DA167 /* PBXContainerItemProxy */;
		};
		93AD593E1C988DF2002DA167 /* PBXTargetDependency */ = {
			isa = PBXTargetDependency;
			target = 93AD591A1C988DF2002DA167 /* SAPJamSDK */;
			targetProxy = 93AD593D1C988DF2002DA167 /* PBXContainerItemProxy */;
		};
/* End PBXTargetDependency section */

/* Begin PBXVariantGroup section */
		93AD59241C988DF2002DA167 /* Main.storyboard */ = {
			isa = PBXVariantGroup;
			children = (
				93AD59251C988DF2002DA167 /* Base */,
			);
			name = Main.storyboard;
			sourceTree = "<group>";
		};
		93AD59291C988DF2002DA167 /* LaunchScreen.storyboard */ = {
			isa = PBXVariantGroup;
			children = (
				93AD592A1C988DF2002DA167 /* Base */,
			);
			name = LaunchScreen.storyboard;
			sourceTree = "<group>";
		};
/* End PBXVariantGroup section */

/* Begin XCBuildConfiguration section */
		93AD59431C988DF2002DA167 /* Debug */ = {
			isa = XCBuildConfiguration;
			buildSettings = {
				ALWAYS_SEARCH_USER_PATHS = NO;
				CLANG_CXX_LANGUAGE_STANDARD = "gnu++0x";
				CLANG_CXX_LIBRARY = "libc++";
				CLANG_ENABLE_MODULES = YES;
				CLANG_ENABLE_OBJC_ARC = YES;
				CLANG_WARN_BOOL_CONVERSION = YES;
				CLANG_WARN_CONSTANT_CONVERSION = YES;
				CLANG_WARN_DIRECT_OBJC_ISA_USAGE = YES_ERROR;
				CLANG_WARN_EMPTY_BODY = YES;
				CLANG_WARN_ENUM_CONVERSION = YES;
				CLANG_WARN_INT_CONVERSION = YES;
				CLANG_WARN_OBJC_ROOT_CLASS = YES_ERROR;
				CLANG_WARN_UNREACHABLE_CODE = YES;
				CLANG_WARN__DUPLICATE_METHOD_MATCH = YES;
				"CODE_SIGN_IDENTITY[sdk=iphoneos*]" = "iPhone Developer";
				COPY_PHASE_STRIP = NO;
				DEBUG_INFORMATION_FORMAT = dwarf;
				ENABLE_STRICT_OBJC_MSGSEND = YES;
				ENABLE_TESTABILITY = YES;
				GCC_C_LANGUAGE_STANDARD = gnu99;
				GCC_DYNAMIC_NO_PIC = NO;
				GCC_NO_COMMON_BLOCKS = YES;
				GCC_OPTIMIZATION_LEVEL = 0;
				GCC_PREPROCESSOR_DEFINITIONS = (
					"DEBUG=1",
					"$(inherited)",
				);
				GCC_WARN_64_TO_32_BIT_CONVERSION = YES;
				GCC_WARN_ABOUT_RETURN_TYPE = YES_ERROR;
				GCC_WARN_UNDECLARED_SELECTOR = YES;
				GCC_WARN_UNINITIALIZED_AUTOS = YES_AGGRESSIVE;
				GCC_WARN_UNUSED_FUNCTION = YES;
				GCC_WARN_UNUSED_VARIABLE = YES;
				IPHONEOS_DEPLOYMENT_TARGET = 9.2;
				MTL_ENABLE_DEBUG_INFO = YES;
				ONLY_ACTIVE_ARCH = YES;
				SDKROOT = iphoneos;
				SWIFT_OPTIMIZATION_LEVEL = "-Onone";
				TARGETED_DEVICE_FAMILY = "1,2";
			};
			name = Debug;
		};
		93AD59441C988DF2002DA167 /* Release */ = {
			isa = XCBuildConfiguration;
			buildSettings = {
				ALWAYS_SEARCH_USER_PATHS = NO;
				CLANG_CXX_LANGUAGE_STANDARD = "gnu++0x";
				CLANG_CXX_LIBRARY = "libc++";
				CLANG_ENABLE_MODULES = YES;
				CLANG_ENABLE_OBJC_ARC = YES;
				CLANG_WARN_BOOL_CONVERSION = YES;
				CLANG_WARN_CONSTANT_CONVERSION = YES;
				CLANG_WARN_DIRECT_OBJC_ISA_USAGE = YES_ERROR;
				CLANG_WARN_EMPTY_BODY = YES;
				CLANG_WARN_ENUM_CONVERSION = YES;
				CLANG_WARN_INT_CONVERSION = YES;
				CLANG_WARN_OBJC_ROOT_CLASS = YES_ERROR;
				CLANG_WARN_UNREACHABLE_CODE = YES;
				CLANG_WARN__DUPLICATE_METHOD_MATCH = YES;
				"CODE_SIGN_IDENTITY[sdk=iphoneos*]" = "iPhone Developer";
				COPY_PHASE_STRIP = NO;
				DEBUG_INFORMATION_FORMAT = "dwarf-with-dsym";
				ENABLE_NS_ASSERTIONS = NO;
				ENABLE_STRICT_OBJC_MSGSEND = YES;
				GCC_C_LANGUAGE_STANDARD = gnu99;
				GCC_NO_COMMON_BLOCKS = YES;
				GCC_WARN_64_TO_32_BIT_CONVERSION = YES;
				GCC_WARN_ABOUT_RETURN_TYPE = YES_ERROR;
				GCC_WARN_UNDECLARED_SELECTOR = YES;
				GCC_WARN_UNINITIALIZED_AUTOS = YES_AGGRESSIVE;
				GCC_WARN_UNUSED_FUNCTION = YES;
				GCC_WARN_UNUSED_VARIABLE = YES;
				IPHONEOS_DEPLOYMENT_TARGET = 9.2;
				MTL_ENABLE_DEBUG_INFO = NO;
				SDKROOT = iphoneos;
				TARGETED_DEVICE_FAMILY = "1,2";
				VALIDATE_PRODUCT = YES;
			};
			name = Release;
		};
		93AD59461C988DF2002DA167 /* Debug */ = {
			isa = XCBuildConfiguration;
			buildSettings = {
				ASSETCATALOG_COMPILER_APPICON_NAME = AppIcon;
				INFOPLIST_FILE = SAPJamSDK/Info.plist;
				LD_RUNPATH_SEARCH_PATHS = "$(inherited) @executable_path/Frameworks";
				PRODUCT_BUNDLE_IDENTIFIER = com.sap.jam.sdk.SAPJamSDK;
				PRODUCT_NAME = "$(TARGET_NAME)";
			};
			name = Debug;
		};
		93AD59471C988DF2002DA167 /* Release */ = {
			isa = XCBuildConfiguration;
			buildSettings = {
				ASSETCATALOG_COMPILER_APPICON_NAME = AppIcon;
				INFOPLIST_FILE = SAPJamSDK/Info.plist;
				LD_RUNPATH_SEARCH_PATHS = "$(inherited) @executable_path/Frameworks";
				PRODUCT_BUNDLE_IDENTIFIER = com.sap.jam.sdk.SAPJamSDK;
				PRODUCT_NAME = "$(TARGET_NAME)";
			};
			name = Release;
		};
		93AD59491C988DF2002DA167 /* Debug */ = {
			isa = XCBuildConfiguration;
			buildSettings = {
				BUNDLE_LOADER = "$(TEST_HOST)";
				INFOPLIST_FILE = SAPJamSDKTests/Info.plist;
				LD_RUNPATH_SEARCH_PATHS = "$(inherited) @executable_path/Frameworks @loader_path/Frameworks";
				PRODUCT_BUNDLE_IDENTIFIER = com.sap.jam.sdk.SAPJamSDKTests;
				PRODUCT_NAME = "$(TARGET_NAME)";
				TEST_HOST = "$(BUILT_PRODUCTS_DIR)/SAPJamSDK.app/SAPJamSDK";
			};
			name = Debug;
		};
		93AD594A1C988DF2002DA167 /* Release */ = {
			isa = XCBuildConfiguration;
			buildSettings = {
				BUNDLE_LOADER = "$(TEST_HOST)";
				INFOPLIST_FILE = SAPJamSDKTests/Info.plist;
				LD_RUNPATH_SEARCH_PATHS = "$(inherited) @executable_path/Frameworks @loader_path/Frameworks";
				PRODUCT_BUNDLE_IDENTIFIER = com.sap.jam.sdk.SAPJamSDKTests;
				PRODUCT_NAME = "$(TARGET_NAME)";
				TEST_HOST = "$(BUILT_PRODUCTS_DIR)/SAPJamSDK.app/SAPJamSDK";
			};
			name = Release;
		};
		93AD594C1C988DF2002DA167 /* Debug */ = {
			isa = XCBuildConfiguration;
			buildSettings = {
				INFOPLIST_FILE = SAPJamSDKUITests/Info.plist;
				LD_RUNPATH_SEARCH_PATHS = "$(inherited) @executable_path/Frameworks @loader_path/Frameworks";
				PRODUCT_BUNDLE_IDENTIFIER = com.sap.jam.sdk.SAPJamSDKUITests;
				PRODUCT_NAME = "$(TARGET_NAME)";
				TEST_TARGET_NAME = SAPJamSDK;
				USES_XCTRUNNER = YES;
			};
			name = Debug;
		};
		93AD594D1C988DF2002DA167 /* Release */ = {
			isa = XCBuildConfiguration;
			buildSettings = {
				INFOPLIST_FILE = SAPJamSDKUITests/Info.plist;
				LD_RUNPATH_SEARCH_PATHS = "$(inherited) @executable_path/Frameworks @loader_path/Frameworks";
				PRODUCT_BUNDLE_IDENTIFIER = com.sap.jam.sdk.SAPJamSDKUITests;
				PRODUCT_NAME = "$(TARGET_NAME)";
				TEST_TARGET_NAME = SAPJamSDK;
				USES_XCTRUNNER = YES;
			};
			name = Release;
		};
/* End XCBuildConfiguration section */

/* Begin XCConfigurationList section */
		93AD59161C988DF2002DA167 /* Build configuration list for PBXProject "SAPJamSDK" */ = {
			isa = XCConfigurationList;
			buildConfigurations = (
				93AD59431C988DF2002DA167 /* Debug */,
				93AD59441C988DF2002DA167 /* Release */,
			);
			defaultConfigurationIsVisible = 0;
			defaultConfigurationName = Release;
		};
		93AD59451C988DF2002DA167 /* Build configuration list for PBXNativeTarget "SAPJamSDK" */ = {
			isa = XCConfigurationList;
			buildConfigurations = (
				93AD59461C988DF2002DA167 /* Debug */,
				93AD59471C988DF2002DA167 /* Release */,
			);
			defaultConfigurationIsVisible = 0;
			defaultConfigurationName = Release;
		};
		93AD59481C988DF2002DA167 /* Build configuration list for PBXNativeTarget "SAPJamSDKTests" */ = {
			isa = XCConfigurationList;
			buildConfigurations = (
				93AD59491C988DF2002DA167 /* Debug */,
				93AD594A1C988DF2002DA167 /* Release */,
			);
			defaultConfigurationIsVisible = 0;
			defaultConfigurationName = Release;
		};
		93AD594B1C988DF2002DA167 /* Build configuration list for PBXNativeTarget "SAPJamSDKUITests" */ = {
			isa = XCConfigurationList;
			buildConfigurations = (
				93AD594C1C988DF2002DA167 /* Debug */,
				93AD594D1C988DF2002DA167 /* Release */,
			);
			defaultConfigurationIsVisible = 0;
			defaultConfigurationName = Release;
		};
/* End XCConfigurationList section */
	};
	rootObject = 93AD59131C988DF2002DA167 /* Project object */;
}
